Microsoft Visual Studio Solution File, Format Version 12.00
# Visual Studio Version 17
VisualStudioVersion = 17.5.2.0
MinimumVisualStudioVersion = 10.0.40219.1
Project("{FAE04EC0-301F-11D3-BF4B-00C04F79EFBC}") = "algoritma-pemrograman-2025-2026", "algoritma-pemrograman-2025-2026.csproj", "{8AFF81DB-3E97-1B33-8456-9FD9F0D4F535}"
EndProject
Global
	GlobalSection(SolutionConfigurationPlatforms) = preSolution
		Debug|Any CPU = Debug|Any CPU
		Release|Any CPU = Release|Any CPU
	EndGlobalSection
	GlobalSection(ProjectConfigurationPlatforms) = postSolution
		{8AFF81DB-3E97-1B33-8456-9FD9F0D4F535}.Debug|Any CPU.ActiveCfg = Debug|Any CPU
		{8AFF81DB-3E97-1B33-8456-9FD9F0D4F535}.Debug|Any CPU.Build.0 = Debug|Any CPU
		{8AFF81DB-3E97-1B33-8456-9FD9F0D4F535}.Release|Any CPU.ActiveCfg = Release|Any CPU
		{8AFF81DB-3E97-1B33-8456-9FD9F0D4F535}.Release|Any CPU.Build.0 = Release|Any CPU
	EndGlobalSection
	GlobalSection(SolutionProperties) = preSolution
		HideSolutionNode = FALSE
	EndGlobalSection
	GlobalSection(ExtensibilityGlobals) = postSolution
		SolutionGuid = {B9FD8D7F-2A45-4E93-B68C-312DD0A940D8}
	EndGlobalSection
EndGlobal
